
Microsoft Visual Studio Solution File, Format Version 12.00
# Visual Studio Version 16
VisualStudioVersion = 16.0.29123.89
MinimumVisualStudioVersion = 10.0.40219.1
Project("{FAE04EC0-301F-11D3-BF4B-00C04F79EFBC}") = "WatchFace.Parser", "WatchFace.Parser\WatchFace.Parser.csproj", "{8D2E0224-DE7F-4EC9-AD23-9904B9D7B409}"
EndProject
Project("{FAE04EC0-301F-11D3-BF4B-00C04F79EFBC}") = "WatchFace", "WatchFace\WatchFace.csproj", "{963BCF47-8C24-4219-BC84-8EC3670205B3}"
EndProject
Project("{FAE04EC0-301F-11D3-BF4B-00C04F79EFBC}") = "Resources", "Resources\Resources.csproj", "{EDD55D5D-9E80-451B-AC8A-0746BA6DC6E9}"
EndProject
Project("{FAE04EC0-301F-11D3-BF4B-00C04F79EFBC}") = "amazfitutils", "amazfitutils\amazfitutils.csproj", "{570F2DE3-B944-469E-9BDD-BE5C58B0EF62}"
EndProject
Project("{FAE04EC0-301F-11D3-BF4B-00C04F79EFBC}") = "tests", "tests\tests.csproj", "{037F8627-F084-4BC8-89DB-6A95D2A41E9D}"
EndProject
Global
	GlobalSection(SolutionConfigurationPlatforms) = preSolution
		Debug|Any CPU = Debug|Any CPU
		Debug|ARM = Debug|ARM
		Debug|x64 = Debug|x64
		Debug|x86 = Debug|x86
		Release|Any CPU = Release|Any CPU
		Release|ARM = Release|ARM
		Release|x64 = Release|x64
		Release|x86 = Release|x86
	EndGlobalSection
	GlobalSection(ProjectConfigurationPlatforms) = postSolution
		{8D2E0224-DE7F-4EC9-AD23-9904B9D7B409}.Debug|Any CPU.ActiveCfg = Debug|Any CPU
		{8D2E0224-DE7F-4EC9-AD23-9904B9D7B409}.Debug|Any CPU.Build.0 = Debug|Any CPU
		{8D2E0224-DE7F-4EC9-AD23-9904B9D7B409}.Debug|ARM.ActiveCfg = Debug|Any CPU
		{8D2E0224-DE7F-4EC9-AD23-9904B9D7B409}.Debug|ARM.Build.0 = Debug|Any CPU
		{8D2E0224-DE7F-4EC9-AD23-9904B9D7B409}.Debug|x64.ActiveCfg = Debug|Any CPU
		{8D2E0224-DE7F-4EC9-AD23-9904B9D7B409}.Debug|x64.Build.0 = Debug|Any CPU
		{8D2E0224-DE7F-4EC9-AD23-9904B9D7B409}.Debug|x86.ActiveCfg = Debug|Any CPU
		{8D2E0224-DE7F-4EC9-AD23-9904B9D7B409}.Debug|x86.Build.0 = Debug|Any CPU
		{8D2E0224-DE7F-4EC9-AD23-9904B9D7B409}.Release|Any CPU.ActiveCfg = Release|Any CPU
		{8D2E0224-DE7F-4EC9-AD23-9904B9D7B409}.Release|Any CPU.Build.0 = Release|Any CPU
		{8D2E0224-DE7F-4EC9-AD23-9904B9D7B409}.Release|ARM.ActiveCfg = Release|Any CPU
		{8D2E0224-DE7F-4EC9-AD23-9904B9D7B409}.Release|ARM.Build.0 = Release|Any CPU
		{8D2E0224-DE7F-4EC9-AD23-9904B9D7B409}.Release|x64.ActiveCfg = Release|Any CPU
		{8D2E0224-DE7F-4EC9-AD23-9904B9D7B409}.Release|x64.Build.0 = Release|Any CPU
		{8D2E0224-DE7F-4EC9-AD23-9904B9D7B409}.Release|x86.ActiveCfg = Release|Any CPU
		{8D2E0224-DE7F-4EC9-AD23-9904B9D7B409}.Release|x86.Build.0 = Release|Any CPU
		{963BCF47-8C24-4219-BC84-8EC3670205B3}.Debug|Any CPU.ActiveCfg = Debug|Any CPU
		{963BCF47-8C24-4219-BC84-8EC3670205B3}.Debug|Any CPU.Build.0 = Debug|Any CPU
		{963BCF47-8C24-4219-BC84-8EC3670205B3}.Debug|ARM.ActiveCfg = Debug|Any CPU
		{963BCF47-8C24-4219-BC84-8EC3670205B3}.Debug|ARM.Build.0 = Debug|Any CPU
		{963BCF47-8C24-4219-BC84-8EC3670205B3}.Debug|x64.ActiveCfg = Debug|Any CPU
		{963BCF47-8C24-4219-BC84-8EC3670205B3}.Debug|x64.Build.0 = Debug|Any CPU
		{963BCF47-8C24-4219-BC84-8EC3670205B3}.Debug|x86.ActiveCfg = Debug|Any CPU
		{963BCF47-8C24-4219-BC84-8EC3670205B3}.Debug|x86.Build.0 = Debug|Any CPU
		{963BCF47-8C24-4219-BC84-8EC3670205B3}.Release|Any CPU.ActiveCfg = Release|Any CPU
		{963BCF47-8C24-4219-BC84-8EC3670205B3}.Release|Any CPU.Build.0 = Release|Any CPU
		{963BCF47-8C24-4219-BC84-8EC3670205B3}.Release|ARM.ActiveCfg = Release|Any CPU
		{963BCF47-8C24-4219-BC84-8EC3670205B3}.Release|ARM.Build.0 = Release|Any CPU
		{963BCF47-8C24-4219-BC84-8EC3670205B3}.Release|x64.ActiveCfg = Release|Any CPU
		{963BCF47-8C24-4219-BC84-8EC3670205B3}.Release|x64.Build.0 = Release|Any CPU
		{963BCF47-8C24-4219-BC84-8EC3670205B3}.Release|x86.ActiveCfg = Release|Any CPU
		{963BCF47-8C24-4219-BC84-8EC3670205B3}.Release|x86.Build.0 = Release|Any CPU
		{EDD55D5D-9E80-451B-AC8A-0746BA6DC6E9}.Debug|Any CPU.ActiveCfg = Debug|Any CPU
		{EDD55D5D-9E80-451B-AC8A-0746BA6DC6E9}.Debug|Any CPU.Build.0 = Debug|Any CPU
		{EDD55D5D-9E80-451B-AC8A-0746BA6DC6E9}.Debug|ARM.ActiveCfg = Debug|Any CPU
		{EDD55D5D-9E80-451B-AC8A-0746BA6DC6E9}.Debug|ARM.Build.0 = Debug|Any CPU
		{EDD55D5D-9E80-451B-AC8A-0746BA6DC6E9}.Debug|x64.ActiveCfg = Debug|Any CPU
		{EDD55D5D-9E80-451B-AC8A-0746BA6DC6E9}.Debug|x64.Build.0 = Debug|Any CPU
		{EDD55D5D-9E80-451B-AC8A-0746BA6DC6E9}.Debug|x86.ActiveCfg = Debug|Any CPU
		{EDD55D5D-9E80-451B-AC8A-0746BA6DC6E9}.Debug|x86.Build.0 = Debug|Any CPU
		{EDD55D5D-9E80-451B-AC8A-0746BA6DC6E9}.Release|Any CPU.ActiveCfg = Release|Any CPU
		{EDD55D5D-9E80-451B-AC8A-0746BA6DC6E9}.Release|Any CPU.Build.0 = Release|Any CPU
		{EDD55D5D-9E80-451B-AC8A-0746BA6DC6E9}.Release|ARM.ActiveCfg = Release|Any CPU
		{EDD55D5D-9E80-451B-AC8A-0746BA6DC6E9}.Release|ARM.Build.0 = Release|Any CPU
		{EDD55D5D-9E80-451B-AC8A-0746BA6DC6E9}.Release|x64.ActiveCfg = Release|Any CPU
		{EDD55D5D-9E80-451B-AC8A-0746BA6DC6E9}.Release|x64.Build.0 = Release|Any CPU
		{EDD55D5D-9E80-451B-AC8A-0746BA6DC6E9}.Release|x86.ActiveCfg = Release|Any CPU
		{EDD55D5D-9E80-451B-AC8A-0746BA6DC6E9}.Release|x86.Build.0 = Release|Any CPU
		{570F2DE3-B944-469E-9BDD-BE5C58B0EF62}.Debug|Any CPU.ActiveCfg = Debug|Any CPU
		{570F2DE3-B944-469E-9BDD-BE5C58B0EF62}.Debug|Any CPU.Build.0 = Debug|Any CPU
		{570F2DE3-B944-469E-9BDD-BE5C58B0EF62}.Debug|ARM.ActiveCfg = Debug|Any CPU
		{570F2DE3-B944-469E-9BDD-BE5C58B0EF62}.Debug|ARM.Build.0 = Debug|Any CPU
		{570F2DE3-B944-469E-9BDD-BE5C58B0EF62}.Debug|x64.ActiveCfg = Debug|Any CPU
		{570F2DE3-B944-469E-9BDD-BE5C58B0EF62}.Debug|x64.Build.0 = Debug|Any CPU
		{570F2DE3-B944-469E-9BDD-BE5C58B0EF62}.Debug|x86.ActiveCfg = Debug|Any CPU
		{570F2DE3-B944-469E-9BDD-BE5C58B0EF62}.Debug|x86.Build.0 = Debug|Any CPU
		{570F2DE3-B944-469E-9BDD-BE5C58B0EF62}.Release|Any CPU.ActiveCfg = Release|Any CPU
		{570F2DE3-B944-469E-9BDD-BE5C58B0EF62}.Release|Any CPU.Build.0 = Release|Any CPU
		{570F2DE3-B944-469E-9BDD-BE5C58B0EF62}.Release|ARM.ActiveCfg = Release|Any CPU
		{570F2DE3-B944-469E-9BDD-BE5C58B0EF62}.Release|ARM.Build.0 = Release|Any CPU
		{570F2DE3-B944-469E-9BDD-BE5C58B0EF62}.Release|x64.ActiveCfg = Release|Any CPU
		{570F2DE3-B944-469E-9BDD-BE5C58B0EF62}.Release|x64.Build.0 = Release|Any CPU
		{570F2DE3-B944-469E-9BDD-BE5C58B0EF62}.Release|x86.ActiveCfg = Release|Any CPU
		{570F2DE3-B944-469E-9BDD-BE5C58B0EF62}.Release|x86.Build.0 = Release|Any CPU
		{037F8627-F084-4BC8-89DB-6A95D2A41E9D}.Debug|Any CPU.ActiveCfg = Debug|Any CPU
		{037F8627-F084-4BC8-89DB-6A95D2A41E9D}.Debug|Any CPU.Build.0 = Debug|Any CPU
		{037F8627-F084-4BC8-89DB-6A95D2A41E9D}.Debug|ARM.ActiveCfg = Debug|Any CPU
		{037F8627-F084-4BC8-89DB-6A95D2A41E9D}.Debug|ARM.Build.0 = Debug|Any CPU
		{037F8627-F084-4BC8-89DB-6A95D2A41E9D}.Debug|x64.ActiveCfg = Debug|Any CPU
		{037F8627-F084-4BC8-89DB-6A95D2A41E9D}.Debug|x64.Build.0 = Debug|Any CPU
		{037F8627-F084-4BC8-89DB-6A95D2A41E9D}.Debug|x86.ActiveCfg = Debug|Any CPU
		{037F8627-F084-4BC8-89DB-6A95D2A41E9D}.Debug|x86.Build.0 = Debug|Any CPU
		{037F8627-F084-4BC8-89DB-6A95D2A41E9D}.Release|Any CPU.ActiveCfg = Release|Any CPU
		{037F8627-F084-4BC8-89DB-6A95D2A41E9D}.Release|Any CPU.Build.0 = Release|Any CPU
		{037F8627-F084-4BC8-89DB-6A95D2A41E9D}.Release|ARM.ActiveCfg = Release|Any CPU
		{037F8627-F084-4BC8-89DB-6A95D2A41E9D}.Release|ARM.Build.0 = Release|Any CPU
		{037F8627-F084-4BC8-89DB-6A95D2A41E9D}.Release|x64.ActiveCfg = Release|Any CPU
		{037F8627-F084-4BC8-89DB-6A95D2A41E9D}.Release|x64.Build.0 = Release|Any CPU
		{037F8627-F084-4BC8-89DB-6A95D2A41E9D}.Release|x86.ActiveCfg = Release|Any CPU
		{037F8627-F084-4BC8-89DB-6A95D2A41E9D}.Release|x86.Build.0 = Release|Any CPU
	EndGlobalSection
	GlobalSection(SolutionProperties) = preSolution
		HideSolutionNode = FALSE
	EndGlobalSection
	GlobalSection(ExtensibilityGlobals) = postSolution
		SolutionGuid = {76A7037C-575A-4EA5-A894-D47C03F8D3ED}
	EndGlobalSection
EndGlobal
